
Microsoft Visual Studio Solution File, Format Version 12.00
# Visual Studio Version 17
VisualStudioVersion = 17.3.32929.385
MinimumVisualStudioVersion = 10.0.40219.1
Project("{FAE04EC0-301F-11D3-BF4B-00C04F79EFBC}") = "Foreach", "Foreach\Foreach.csproj", "{4311AD14-5481-4652-AE56-FC3390ACCFBE}"
EndProject
Global
	GlobalSection(SolutionConfigurationPlatforms) = preSolution
		Debug|Any CPU = Debug|Any CPU
		Release|Any CPU = Release|Any CPU
	EndGlobalSection
	GlobalSection(ProjectConfigurationPlatforms) = postSolution
		{4311AD14-5481-4652-AE56-FC3390ACCFBE}.Debug|Any CPU.ActiveCfg = Debug|Any CPU
		{4311AD14-5481-4652-AE56-FC3390ACCFBE}.Debug|Any CPU.Build.0 = Debug|Any CPU
		{4311AD14-5481-4652-AE56-FC3390ACCFBE}.Release|Any CPU.ActiveCfg = Release|Any CPU
		{4311AD14-5481-4652-AE56-FC3390ACCFBE}.Release|Any CPU.Build.0 = Release|Any CPU
	EndGlobalSection
	GlobalSection(SolutionProperties) = preSolution
		HideSolutionNode = FALSE
	EndGlobalSection
	GlobalSection(ExtensibilityGlobals) = postSolution
		SolutionGuid = {82B35510-5946-41B3-B1A3-13B95182304C}
	EndGlobalSection
EndGlobal
